
Microsoft Visual Studio Solution File, Format Version 12.00
# Visual Studio Version 17
VisualStudioVersion = 17.0.31903.59
MinimumVisualStudioVersion = 10.0.40219.1
Project("{2150E333-8FDC-42A3-9474-1A3956D46DE8}") = "src", "src", "{A0A48F7A-0223-4EFE-BE3E-E27BA0854018}"
EndProject
Project("{FAE04EC0-301F-11D3-BF4B-00C04F79EFBC}") = "NovaGet.Core", "src\NovaGet.Core\NovaGet.Core.csproj", "{3C0710C8-CC49-4792-9D6B-D92FC7942609}"
EndProject
Project("{FAE04EC0-301F-11D3-BF4B-00C04F79EFBC}") = "NovaGet.Data", "src\NovaGet.Data\NovaGet.Data.csproj", "{DE6ED795-1A9E-4FC6-9759-0235ACB5076A}"
EndProject
Project("{FAE04EC0-301F-11D3-BF4B-00C04F79EFBC}") = "NovaGet.App", "src\NovaGet.App\NovaGet.App.csproj", "{F157C1DD-53CB-4E9E-A624-6B9D6CC21410}"
EndProject
Project("{FAE04EC0-301F-11D3-BF4B-00C04F79EFBC}") = "NovaGet.NativeHost", "src\NovaGet.NativeHost\NovaGet.NativeHost.csproj", "{00975FAA-E6D8-41C4-8D3C-7C8C87FFA79C}"
EndProject
Project("{2150E333-8FDC-42A3-9474-1A3956D46DE8}") = "tests", "tests", "{C1220B9A-AA8F-4BA1-9E95-0246868FE195}"
EndProject
Project("{FAE04EC0-301F-11D3-BF4B-00C04F79EFBC}") = "NovaGet.Core.Tests", "tests\NovaGet.Core.Tests\NovaGet.Core.Tests.csproj", "{D5E393EA-C463-4C35-B7E2-B5F623260576}"
EndProject
Project("{FAE04EC0-301F-11D3-BF4B-00C04F79EFBC}") = "NovaGet.TestServer", "tests\NovaGet.TestServer\NovaGet.TestServer.csproj", "{ACD8ED8B-8DAA-49BE-97E1-51688616629E}"
EndProject
Project("{FAE04EC0-301F-11D3-BF4B-00C04F79EFBC}") = "NovaGet.App.Tests", "tests\NovaGet.App.Tests\NovaGet.App.Tests.csproj", "{F0A74748-7591-4CBD-927A-AD4DF67941DA}"
EndProject
Project("{FAE04EC0-301F-11D3-BF4B-00C04F79EFBC}") = "NovaGet.UiTests", "tests\NovaGet.UiTests\NovaGet.UiTests.csproj", "{D7CC6C22-B935-4FFA-8134-769D0D5F06E0}"
EndProject
Global
	GlobalSection(SolutionConfigurationPlatforms) = preSolution
		Debug|Any CPU = Debug|Any CPU
		Release|Any CPU = Release|Any CPU
	EndGlobalSection
	GlobalSection(SolutionProperties) = preSolution
		HideSolutionNode = FALSE
	EndGlobalSection
	GlobalSection(ProjectConfigurationPlatforms) = postSolution
		{3C0710C8-CC49-4792-9D6B-D92FC7942609}.Debug|Any CPU.ActiveCfg = Debug|Any CPU
		{3C0710C8-CC49-4792-9D6B-D92FC7942609}.Debug|Any CPU.Build.0 = Debug|Any CPU
		{3C0710C8-CC49-4792-9D6B-D92FC7942609}.Release|Any CPU.ActiveCfg = Release|Any CPU
		{3C0710C8-CC49-4792-9D6B-D92FC7942609}.Release|Any CPU.Build.0 = Release|Any CPU
		{DE6ED795-1A9E-4FC6-9759-0235ACB5076A}.Debug|Any CPU.ActiveCfg = Debug|Any CPU
		{DE6ED795-1A9E-4FC6-9759-0235ACB5076A}.Debug|Any CPU.Build.0 = Debug|Any CPU
		{DE6ED795-1A9E-4FC6-9759-0235ACB5076A}.Release|Any CPU.ActiveCfg = Release|Any CPU
		{DE6ED795-1A9E-4FC6-9759-0235ACB5076A}.Release|Any CPU.Build.0 = Release|Any CPU
		{F157C1DD-53CB-4E9E-A624-6B9D6CC21410}.Debug|Any CPU.ActiveCfg = Debug|Any CPU
		{F157C1DD-53CB-4E9E-A624-6B9D6CC21410}.Debug|Any CPU.Build.0 = Debug|Any CPU
		{F157C1DD-53CB-4E9E-A624-6B9D6CC21410}.Release|Any CPU.ActiveCfg = Release|Any CPU
		{F157C1DD-53CB-4E9E-A624-6B9D6CC21410}.Release|Any CPU.Build.0 = Release|Any CPU
		{00975FAA-E6D8-41C4-8D3C-7C8C87FFA79C}.Debug|Any CPU.ActiveCfg = Debug|Any CPU
		{00975FAA-E6D8-41C4-8D3C-7C8C87FFA79C}.Debug|Any CPU.Build.0 = Debug|Any CPU
		{00975FAA-E6D8-41C4-8D3C-7C8C87FFA79C}.Release|Any CPU.ActiveCfg = Release|Any CPU
		{00975FAA-E6D8-41C4-8D3C-7C8C87FFA79C}.Release|Any CPU.Build.0 = Release|Any CPU
		{D5E393EA-C463-4C35-B7E2-B5F623260576}.Debug|Any CPU.ActiveCfg = Debug|Any CPU
		{D5E393EA-C463-4C35-B7E2-B5F623260576}.Debug|Any CPU.Build.0 = Debug|Any CPU
		{D5E393EA-C463-4C35-B7E2-B5F623260576}.Release|Any CPU.ActiveCfg = Release|Any CPU
		{D5E393EA-C463-4C35-B7E2-B5F623260576}.Release|Any CPU.Build.0 = Release|Any CPU
		{ACD8ED8B-8DAA-49BE-97E1-51688616629E}.Debug|Any CPU.ActiveCfg = Debug|Any CPU
		{ACD8ED8B-8DAA-49BE-97E1-51688616629E}.Debug|Any CPU.Build.0 = Debug|Any CPU
		{ACD8ED8B-8DAA-49BE-97E1-51688616629E}.Release|Any CPU.ActiveCfg = Release|Any CPU
		{ACD8ED8B-8DAA-49BE-97E1-51688616629E}.Release|Any CPU.Build.0 = Release|Any CPU
		{F0A74748-7591-4CBD-927A-AD4DF67941DA}.Debug|Any CPU.ActiveCfg = Debug|Any CPU
		{F0A74748-7591-4CBD-927A-AD4DF67941DA}.Debug|Any CPU.Build.0 = Debug|Any CPU
		{F0A74748-7591-4CBD-927A-AD4DF67941DA}.Release|Any CPU.ActiveCfg = Release|Any CPU
		{F0A74748-7591-4CBD-927A-AD4DF67941DA}.Release|Any CPU.Build.0 = Release|Any CPU
		{D7CC6C22-B935-4FFA-8134-769D0D5F06E0}.Debug|Any CPU.ActiveCfg = Debug|Any CPU
		{D7CC6C22-B935-4FFA-8134-769D0D5F06E0}.Debug|Any CPU.Build.0 = Debug|Any CPU
		{D7CC6C22-B935-4FFA-8134-769D0D5F06E0}.Release|Any CPU.ActiveCfg = Release|Any CPU
		{D7CC6C22-B935-4FFA-8134-769D0D5F06E0}.Release|Any CPU.Build.0 = Release|Any CPU
	EndGlobalSection
	GlobalSection(NestedProjects) = preSolution
		{3C0710C8-CC49-4792-9D6B-D92FC7942609} = {A0A48F7A-0223-4EFE-BE3E-E27BA0854018}
		{DE6ED795-1A9E-4FC6-9759-0235ACB5076A} = {A0A48F7A-0223-4EFE-BE3E-E27BA0854018}
		{F157C1DD-53CB-4E9E-A624-6B9D6CC21410} = {A0A48F7A-0223-4EFE-BE3E-E27BA0854018}
		{00975FAA-E6D8-41C4-8D3C-7C8C87FFA79C} = {A0A48F7A-0223-4EFE-BE3E-E27BA0854018}
		{D5E393EA-C463-4C35-B7E2-B5F623260576} = {C1220B9A-AA8F-4BA1-9E95-0246868FE195}
		{ACD8ED8B-8DAA-49BE-97E1-51688616629E} = {C1220B9A-AA8F-4BA1-9E95-0246868FE195}
		{F0A74748-7591-4CBD-927A-AD4DF67941DA} = {C1220B9A-AA8F-4BA1-9E95-0246868FE195}
		{D7CC6C22-B935-4FFA-8134-769D0D5F06E0} = {C1220B9A-AA8F-4BA1-9E95-0246868FE195}
	EndGlobalSection
EndGlobal
